{
    "_meta": {
        "hash": {
            "sha256": "4fb7bf718db2d86426d5ae23bb7c635bc9cc19fba1c19d097183c8ad965eba3f"
        },
        "pipfile-spec": 6,
        "requires": {
            "python_version": "3.8"
        },
        "sources": [
            {
                "name": "pypi",
                "url": "https://pypi.org/simple",
                "verify_ssl": true
            }
        ]
    },
    "default": {},
    "develop": {}
}
